
Microsoft Visual Studio Solution File, Format Version 12.00
# Visual Studio 15
VisualStudioVersion = 15.0.27130.2027
MinimumVisualStudioVersion = 10.0.40219.1
Project("{FAE04EC0-301F-11D3-BF4B-00C04F79EFBC}") = "SocketTesting", "SocketTesting\SocketTesting.csproj", "{22DD1821-DD17-48E3-990F-69C94D791607}"
EndProject
Global
	GlobalSection(SolutionConfigurationPlatforms) = preSolution
		Debug|Any CPU = Debug|Any CPU
		Release|Any CPU = Release|Any CPU
	EndGlobalSection
	GlobalSection(ProjectConfigurationPlatforms) = postSolution
		{22DD1821-DD17-48E3-990F-69C94D791607}.Debug|Any CPU.ActiveCfg = Debug|Any CPU
		{22DD1821-DD17-48E3-990F-69C94D791607}.Debug|Any CPU.Build.0 = Debug|Any CPU
		{22DD1821-DD17-48E3-990F-69C94D791607}.Release|Any CPU.ActiveCfg = Release|Any CPU
		{22DD1821-DD17-48E3-990F-69C94D791607}.Release|Any CPU.Build.0 = Release|Any CPU
	EndGlobalSection
	GlobalSection(SolutionProperties) = preSolution
		HideSolutionNode = FALSE
	EndGlobalSection
	GlobalSection(ExtensibilityGlobals) = postSolution
		SolutionGuid = {F6BE7108-1521-4A94-BEF7-674A35B0A94C}
	EndGlobalSection
EndGlobal
