
Microsoft Visual Studio Solution File, Format Version 12.00
# Visual Studio Version 16
VisualStudioVersion = 16.0.28803.352
MinimumVisualStudioVersion = 10.0.40219.1
Project("{9A19103F-16F7-4668-BE54-9A1E7A4F7556}") = "Contracts", "Contracts\Contracts.csproj", "{A686C880-EEAB-49EE-BD07-706E29D200AE}"
EndProject
Project("{9A19103F-16F7-4668-BE54-9A1E7A4F7556}") = "Puppeteer", "Puppeteer\Puppeteer.csproj", "{9E8D5460-B198-4004-8C7F-2023F383DA7A}"
EndProject
Project("{9A19103F-16F7-4668-BE54-9A1E7A4F7556}") = "PuppetryDriver", "PuppetryDriver\PuppetryDriver.csproj", "{FF6FE3B8-1E4D-44F1-87D1-6FB93912DA4E}"
EndProject
Global
	GlobalSection(SolutionConfigurationPlatforms) = preSolution
		Debug|Any CPU = Debug|Any CPU
		Release|Any CPU = Release|Any CPU
	EndGlobalSection
	GlobalSection(ProjectConfigurationPlatforms) = postSolution
		{A686C880-EEAB-49EE-BD07-706E29D200AE}.Debug|Any CPU.ActiveCfg = Debug|Any CPU
		{A686C880-EEAB-49EE-BD07-706E29D200AE}.Debug|Any CPU.Build.0 = Debug|Any CPU
		{A686C880-EEAB-49EE-BD07-706E29D200AE}.Release|Any CPU.ActiveCfg = Release|Any CPU
		{A686C880-EEAB-49EE-BD07-706E29D200AE}.Release|Any CPU.Build.0 = Release|Any CPU
		{9E8D5460-B198-4004-8C7F-2023F383DA7A}.Debug|Any CPU.ActiveCfg = Debug|Any CPU
		{9E8D5460-B198-4004-8C7F-2023F383DA7A}.Debug|Any CPU.Build.0 = Debug|Any CPU
		{9E8D5460-B198-4004-8C7F-2023F383DA7A}.Release|Any CPU.ActiveCfg = Release|Any CPU
		{9E8D5460-B198-4004-8C7F-2023F383DA7A}.Release|Any CPU.Build.0 = Release|Any CPU
		{FF6FE3B8-1E4D-44F1-87D1-6FB93912DA4E}.Debug|Any CPU.ActiveCfg = Debug|Any CPU
		{FF6FE3B8-1E4D-44F1-87D1-6FB93912DA4E}.Debug|Any CPU.Build.0 = Debug|Any CPU
		{FF6FE3B8-1E4D-44F1-87D1-6FB93912DA4E}.Release|Any CPU.ActiveCfg = Release|Any CPU
		{FF6FE3B8-1E4D-44F1-87D1-6FB93912DA4E}.Release|Any CPU.Build.0 = Release|Any CPU
	EndGlobalSection
	GlobalSection(SolutionProperties) = preSolution
		HideSolutionNode = FALSE
	EndGlobalSection
	GlobalSection(ExtensibilityGlobals) = postSolution
		SolutionGuid = {60C548CE-C8C5-4D50-BE5A-FE038B11F7FF}
	EndGlobalSection
EndGlobal
