
Microsoft Visual Studio Solution File, Format Version 12.00
# Visual Studio 15
VisualStudioVersion = 15.0.28307.168
MinimumVisualStudioVersion = 10.0.40219.1
Project("{FAE04EC0-301F-11D3-BF4B-00C04F79EFBC}") = "PuppetryDriver", "PuppetryDriver\PuppetryDriver.csproj", "{5D37702C-17F9-4515-9B36-B08E17360E00}"
EndProject
Global
	GlobalSection(SolutionConfigurationPlatforms) = preSolution
		Debug|Any CPU = Debug|Any CPU
		Release|Any CPU = Release|Any CPU
	EndGlobalSection
	GlobalSection(ProjectConfigurationPlatforms) = postSolution
		{5D37702C-17F9-4515-9B36-B08E17360E00}.Debug|Any CPU.ActiveCfg = Debug|Any CPU
		{5D37702C-17F9-4515-9B36-B08E17360E00}.Debug|Any CPU.Build.0 = Debug|Any CPU
		{5D37702C-17F9-4515-9B36-B08E17360E00}.Release|Any CPU.ActiveCfg = Release|Any CPU
		{5D37702C-17F9-4515-9B36-B08E17360E00}.Release|Any CPU.Build.0 = Release|Any CPU
	EndGlobalSection
	GlobalSection(SolutionProperties) = preSolution
		HideSolutionNode = FALSE
	EndGlobalSection
	GlobalSection(ExtensibilityGlobals) = postSolution
		SolutionGuid = {1BAC8385-6DB7-41C1-92F3-21629B9E0F33}
	EndGlobalSection
EndGlobal
