
Microsoft Visual Studio Solution File, Format Version 12.00
# Visual Studio 15
VisualStudioVersion = 15.0.27130.2027
MinimumVisualStudioVersion = 10.0.40219.1
Project("{9A19103F-16F7-4668-BE54-9A1E7A4F7556}") = "Puppet", "Puppet\Puppet.csproj", "{3C615075-1C1F-4CE7-81D1-F35C49042D0A}"
EndProject
Global
	GlobalSection(SolutionConfigurationPlatforms) = preSolution
		Debug|Any CPU = Debug|Any CPU
		Release|Any CPU = Release|Any CPU
	EndGlobalSection
	GlobalSection(ProjectConfigurationPlatforms) = postSolution
		{3C615075-1C1F-4CE7-81D1-F35C49042D0A}.Debug|Any CPU.ActiveCfg = Debug|Any CPU
		{3C615075-1C1F-4CE7-81D1-F35C49042D0A}.Debug|Any CPU.Build.0 = Debug|Any CPU
		{3C615075-1C1F-4CE7-81D1-F35C49042D0A}.Release|Any CPU.ActiveCfg = Release|Any CPU
		{3C615075-1C1F-4CE7-81D1-F35C49042D0A}.Release|Any CPU.Build.0 = Release|Any CPU
	EndGlobalSection
	GlobalSection(SolutionProperties) = preSolution
		HideSolutionNode = FALSE
	EndGlobalSection
	GlobalSection(ExtensibilityGlobals) = postSolution
		SolutionGuid = {86D15281-1039-4DA5-A3E2-BA9E8F6CBBA2}
	EndGlobalSection
EndGlobal
